
Microsoft Visual Studio Solution File, Format Version 12.00
# Visual Studio 15
VisualStudioVersion = 15.0.28307.168
MinimumVisualStudioVersion = 10.0.40219.1
Project("{FAE04EC0-301F-11D3-BF4B-00C04F79EFBC}") = "Jokenpo", "Jokenpo\Jokenpo.csproj", "{BE5C4E44-DB67-439E-9684-95BB156396D8}"
EndProject
Global
	GlobalSection(SolutionConfigurationPlatforms) = preSolution
		Debug|Any CPU = Debug|Any CPU
		Release|Any CPU = Release|Any CPU
	EndGlobalSection
	GlobalSection(ProjectConfigurationPlatforms) = postSolution
		{BE5C4E44-DB67-439E-9684-95BB156396D8}.Debug|Any CPU.ActiveCfg = Debug|Any CPU
		{BE5C4E44-DB67-439E-9684-95BB156396D8}.Debug|Any CPU.Build.0 = Debug|Any CPU
		{BE5C4E44-DB67-439E-9684-95BB156396D8}.Release|Any CPU.ActiveCfg = Release|Any CPU
		{BE5C4E44-DB67-439E-9684-95BB156396D8}.Release|Any CPU.Build.0 = Release|Any CPU
	EndGlobalSection
	GlobalSection(SolutionProperties) = preSolution
		HideSolutionNode = FALSE
	EndGlobalSection
	GlobalSection(ExtensibilityGlobals) = postSolution
		SolutionGuid = {BC7850A9-97C5-4DDC-BC56-C47C18EA68C7}
	EndGlobalSection
EndGlobal
